// !$*UTF8*$!
{
	archiveVersion = 1;
	classes = {
	};
	objectVersion = 46;
	objects = {

/* Begin PBXBuildFile section */
		54F768EC20C626E9005A48C2 /* KYKeychain.m in Sources */ = {isa = PBXBuildFile; fileRef = 54F768EB20C626E9005A48C2 /* KYKeychain.m */; };
		54F768EF20C64FBA005A48C2 /* KYVPNManager.m in Sources */ = {isa = PBXBuildFile; fileRef = 54F768EE20C64FBA005A48C2 /* KYVPNManager.m */; };
		54FD744520C78515000088D6 /* KYPingTool.m in Sources */ = {isa = PBXBuildFile; fileRef = 54FD744120C78514000088D6 /* KYPingTool.m */; };
		54FD744620C78515000088D6 /* SimplePing.m in Sources */ = {isa = PBXBuildFile; fileRef = 54FD744320C78514000088D6 /* SimplePing.m */; };
		54FD748220C7CD6F000088D6 /* KYIMessageTest2 StickerPackExtension.appex in Embed App Extensions */ = {isa = PBXBuildFile; fileRef = 54FD748120C7CD6F000088D6 /* KYIMessageTest2 StickerPackExtension.appex */; settings = {ATTRIBUTES = (RemoveHeadersOnCopy, ); }; };
		54FD748620C7CD6F000088D6 /* Stickers.xcstickers in Resources */ = {isa = PBXBuildFile; fileRef = 54FD748520C7CD6F000088D6 /* Stickers.xcstickers */; };
		54FD748720C7CD6F000088D6 /* Stickers.xcstickers in Resources */ = {isa = PBXBuildFile; fileRef = 54FD748520C7CD6F000088D6 /* Stickers.xcstickers */; };
		865FD45A1EE14BFC000F243F /* main.m in Sources */ = {isa = PBXBuildFile; fileRef = 865FD4591EE14BFC000F243F /* main.m */; };
		865FD45D1EE14BFC000F243F /* AppDelegate.m in Sources */ = {isa = PBXBuildFile; fileRef = 865FD45C1EE14BFC000F243F /* AppDelegate.m */; };
		865FD4601EE14BFC000F243F /* ViewController.m in Sources */ = {isa = PBXBuildFile; fileRef = 865FD45F1EE14BFC000F243F /* ViewController.m */; };
		865FD4631EE14BFC000F243F /* Main.storyboard in Resources */ = {isa = PBXBuildFile; fileRef = 865FD4611EE14BFC000F243F /* Main.storyboard */; };
		865FD4651EE14BFC000F243F /* Assets.xcassets in Resources */ = {isa = PBXBuildFile; fileRef = 865FD4641EE14BFC000F243F /* Assets.xcassets */; };
		865FD4681EE14BFC000F243F /* LaunchScreen.storyboard in Resources */ = {isa = PBXBuildFile; fileRef = 865FD4661EE14BFC000F243F /* LaunchScreen.storyboard */; };
		DC07B14320C4EF5200B112F5 /* NetworkExtension.framework in Frameworks */ = {isa = PBXBuildFile; fileRef = DC07B14220C4EF5200B112F5 /* NetworkExtension.framework */; };
/* End PBXBuildFile section */

/* Begin PBXContainerItemProxy section */
		54FD748320C7CD6F000088D6 /* PBXContainerItemProxy */ = {
			isa = PBXContainerItemProxy;
			containerPortal = 865FD44D1EE14BFC000F243F /* Project object */;
			proxyType = 1;
			remoteGlobalIDString = 54FD748020C7CD6F000088D6;
			remoteInfo = "KYIMessageTest2 StickerPackExtension";
		};
/* End PBXContainerItemProxy section */

/* Begin PBXCopyFilesBuildPhase section */
		54FD748B20C7CD6F000088D6 /* Embed App Extensions */ = {
			isa = PBXCopyFilesBuildPhase;
			buildActionMask = 2147483647;
			dstPath = "";
			dstSubfolderSpec = 13;
			files = (
				54FD748220C7CD6F000088D6 /* KYIMessageTest2 StickerPackExtension.appex in Embed App Extensions */,
			);
			name = "Embed App Extensions";
			runOnlyForDeploymentPostprocessing = 0;
		};
/* End PBXCopyFilesBuildPhase section */

/* Begin PBXFileReference section */
		54F768EA20C626E9005A48C2 /* KYKeychain.h */ = {isa = PBXFileReference; lastKnownFileType = sourcecode.c.h; path = KYKeychain.h; sourceTree = "<group>"; };
		54F768EB20C626E9005A48C2 /* KYKeychain.m */ = {isa = PBXFileReference; lastKnownFileType = sourcecode.c.objc; path = KYKeychain.m; sourceTree = "<group>"; };
		54F768ED20C64FBA005A48C2 /* KYVPNManager.h */ = {isa = PBXFileReference; lastKnownFileType = sourcecode.c.h; path = KYVPNManager.h; sourceTree = "<group>"; };
		54F768EE20C64FBA005A48C2 /* KYVPNManager.m */ = {isa = PBXFileReference; lastKnownFileType = sourcecode.c.objc; path = KYVPNManager.m; sourceTree = "<group>"; };
		54FD744120C78514000088D6 /* KYPingTool.m */ = {isa = PBXFileReference; fileEncoding = 4; lastKnownFileType = sourcecode.c.objc; path = KYPingTool.m; sourceTree = "<group>"; };
		54FD744220C78514000088D6 /* KYPingTool.h */ = {isa = PBXFileReference; fileEncoding = 4; lastKnownFileType = sourcecode.c.h; path = KYPingTool.h; sourceTree = "<group>"; };
		54FD744320C78514000088D6 /* SimplePing.m */ = {isa = PBXFileReference; fileEncoding = 4; lastKnownFileType = sourcecode.c.objc; path = SimplePing.m; sourceTree = "<group>"; };
		54FD744420C78515000088D6 /* SimplePing.h */ = {isa = PBXFileReference; fileEncoding = 4; lastKnownFileType = sourcecode.c.h; path = SimplePing.h; sourceTree = "<group>"; };
		54FD745620C7C69D000088D6 /* Messages.framework */ = {isa = PBXFileReference; lastKnownFileType = wrapper.framework; name = Messages.framework; path = System/Library/Frameworks/Messages.framework; sourceTree = SDKROOT; };
		54FD747E20C7CD6F000088D6 /* KYIMessageTest2.app */ = {isa = PBXFileReference; explicitFileType = wrapper.application; includeInIndex = 0; path = KYIMessageTest2.app; sourceTree = BUILT_PRODUCTS_DIR; };
		54FD748120C7CD6F000088D6 /* KYIMessageTest2 StickerPackExtension.appex */ = {isa = PBXFileReference; explicitFileType = "wrapper.app-extension"; includeInIndex = 0; path = "KYIMessageTest2 StickerPackExtension.appex"; sourceTree = BUILT_PRODUCTS_DIR; };
		54FD748520C7CD6F000088D6 /* Stickers.xcstickers */ = {isa = PBXFileReference; lastKnownFileType = folder.stickers; name = Stickers.xcstickers; path = "KYIMessageTest2 StickerPackExtension/Stickers.xcstickers"; sourceTree = "<group>"; };
		865FD4551EE14BFC000F243F /* VPN.app */ = {isa = PBXFileReference; explicitFileType = wrapper.application; includeInIndex = 0; path = VPN.app; sourceTree = BUILT_PRODUCTS_DIR; };
		865FD4591EE14BFC000F243F /* main.m */ = {isa = PBXFileReference; lastKnownFileType = sourcecode.c.objc; path = main.m; sourceTree = "<group>"; };
		865FD45B1EE14BFC000F243F /* AppDelegate.h */ = {isa = PBXFileReference; lastKnownFileType = sourcecode.c.h; path = AppDelegate.h; sourceTree = "<group>"; };
		865FD45C1EE14BFC000F243F /* AppDelegate.m */ = {isa = PBXFileReference; lastKnownFileType = sourcecode.c.objc; path = AppDelegate.m; sourceTree = "<group>"; };
		865FD45E1EE14BFC000F243F /* ViewController.h */ = {isa = PBXFileReference; lastKnownFileType = sourcecode.c.h; path = ViewController.h; sourceTree = "<group>"; };
		865FD45F1EE14BFC000F243F /* ViewController.m */ = {isa = PBXFileReference; lastKnownFileType = sourcecode.c.objc; path = ViewController.m; sourceTree = "<group>"; };
		865FD4621EE14BFC000F243F /* Base */ = {isa = PBXFileReference; lastKnownFileType = file.storyboard; name = Base; path = Base.lproj/Main.storyboard; sourceTree = "<group>"; };
		865FD4641EE14BFC000F243F /* Assets.xcassets */ = {isa = PBXFileReference; lastKnownFileType = folder.assetcatalog; path = Assets.xcassets; sourceTree = "<group>"; };
		865FD4671EE14BFC000F243F /* Base */ = {isa = PBXFileReference; lastKnownFileType = file.storyboard; name = Base; path = Base.lproj/LaunchScreen.storyboard; sourceTree = "<group>"; };
		865FD4691EE14BFC000F243F /* Info.plist */ = {isa = PBXFileReference; lastKnownFileType = text.plist.xml; path = Info.plist; sourceTree = "<group>"; };
		865FD4901EE157FA000F243F /* BSP.entitlements */ = {isa = PBXFileReference; lastKnownFileType = text.plist.entitlements; path = BSP.entitlements; sourceTree = "<group>"; };
		DC07B14120C4C57300B112F5 /* VPN.entitlements */ = {isa = PBXFileReference; lastKnownFileType = text.plist.entitlements; path = VPN.entitlements; sourceTree = "<group>"; };
		DC07B14220C4EF5200B112F5 /* NetworkExtension.framework */ = {isa = PBXFileReference; lastKnownFileType = wrapper.framework; name = NetworkExtension.framework; path = System/Library/Frameworks/NetworkExtension.framework; sourceTree = SDKROOT; };
/* End PBXFileReference section */

/* Begin PBXFrameworksBuildPhase section */
		865FD4521EE14BFC000F243F /* Frameworks */ = {
			isa = PBXFrameworksBuildPhase;
			buildActionMask = 2147483647;
			files = (
				DC07B14320C4EF5200B112F5 /* NetworkExtension.framework in Frameworks */,
			);
			runOnlyForDeploymentPostprocessing = 0;
		};
/* End PBXFrameworksBuildPhase section */

/* Begin PBXGroup section */
		54F768E920C626B4005A48C2 /* Utils */ = {
			isa = PBXGroup;
			children = (
				54FD744220C78514000088D6 /* KYPingTool.h */,
				54FD744120C78514000088D6 /* KYPingTool.m */,
				54FD744420C78515000088D6 /* SimplePing.h */,
				54FD744320C78514000088D6 /* SimplePing.m */,
				54F768EA20C626E9005A48C2 /* KYKeychain.h */,
				54F768EB20C626E9005A48C2 /* KYKeychain.m */,
				54F768ED20C64FBA005A48C2 /* KYVPNManager.h */,
				54F768EE20C64FBA005A48C2 /* KYVPNManager.m */,
			);
			path = Utils;
			sourceTree = "<group>";
		};
		865FD44C1EE14BFC000F243F = {
			isa = PBXGroup;
			children = (
				54FD748520C7CD6F000088D6 /* Stickers.xcstickers */,
				865FD4571EE14BFC000F243F /* VPN */,
				865FD4561EE14BFC000F243F /* Products */,
				865FD48C1EE15789000F243F /* Frameworks */,
			);
			sourceTree = "<group>";
		};
		865FD4561EE14BFC000F243F /* Products */ = {
			isa = PBXGroup;
			children = (
				865FD4551EE14BFC000F243F /* VPN.app */,
				54FD747E20C7CD6F000088D6 /* KYIMessageTest2.app */,
				54FD748120C7CD6F000088D6 /* KYIMessageTest2 StickerPackExtension.appex */,
			);
			name = Products;
			sourceTree = "<group>";
		};
		865FD4571EE14BFC000F243F /* VPN */ = {
			isa = PBXGroup;
			children = (
				DC07B14120C4C57300B112F5 /* VPN.entitlements */,
				865FD4901EE157FA000F243F /* BSP.entitlements */,
				865FD45B1EE14BFC000F243F /* AppDelegate.h */,
				865FD45C1EE14BFC000F243F /* AppDelegate.m */,
				865FD45E1EE14BFC000F243F /* ViewController.h */,
				865FD45F1EE14BFC000F243F /* ViewController.m */,
				865FD4611EE14BFC000F243F /* Main.storyboard */,
				865FD4641EE14BFC000F243F /* Assets.xcassets */,
				865FD4661EE14BFC000F243F /* LaunchScreen.storyboard */,
				865FD4691EE14BFC000F243F /* Info.plist */,
				54F768E920C626B4005A48C2 /* Utils */,
				865FD4581EE14BFC000F243F /* Supporting Files */,
			);
			path = VPN;
			sourceTree = "<group>";
		};
		865FD4581EE14BFC000F243F /* Supporting Files */ = {
			isa = PBXGroup;
			children = (
				865FD4591EE14BFC000F243F /* main.m */,
			);
			name = "Supporting Files";
			sourceTree = "<group>";
		};
		865FD48C1EE15789000F243F /* Frameworks */ = {
			isa = PBXGroup;
			children = (
				DC07B14220C4EF5200B112F5 /* NetworkExtension.framework */,
				54FD745620C7C69D000088D6 /* Messages.framework */,
			);
			name = Frameworks;
			sourceTree = "<group>";
		};
/* End PBXGroup section */

/* Begin PBXNativeTarget section */
		54FD747D20C7CD6F000088D6 /* KYIMessageTest2 */ = {
			isa = PBXNativeTarget;
			buildConfigurationList = 54FD748C20C7CD6F000088D6 /* Build configuration list for PBXNativeTarget "KYIMessageTest2" */;
			buildPhases = (
				54FD747C20C7CD6F000088D6 /* Resources */,
				54FD748B20C7CD6F000088D6 /* Embed App Extensions */,
			);
			buildRules = (
			);
			dependencies = (
				54FD748420C7CD6F000088D6 /* PBXTargetDependency */,
			);
			name = KYIMessageTest2;
			productName = KYIMessageTest2;
			productReference = 54FD747E20C7CD6F000088D6 /* KYIMessageTest2.app */;
			productType = "com.apple.product-type.application.messages";
		};
		54FD748020C7CD6F000088D6 /* KYIMessageTest2 StickerPackExtension */ = {
			isa = PBXNativeTarget;
			buildConfigurationList = 54FD748820C7CD6F000088D6 /* Build configuration list for PBXNativeTarget "KYIMessageTest2 StickerPackExtension" */;
			buildPhases = (
				54FD747F20C7CD6F000088D6 /* Resources */,
			);
			buildRules = (
			);
			dependencies = (
			);
			name = "KYIMessageTest2 StickerPackExtension";
			productName = "KYIMessageTest2 StickerPackExtension";
			productReference = 54FD748120C7CD6F000088D6 /* KYIMessageTest2 StickerPackExtension.appex */;
			productType = "com.apple.product-type.app-extension.messages-sticker-pack";
		};
		865FD4541EE14BFC000F243F /* VPN */ = {
			isa = PBXNativeTarget;
			buildConfigurationList = 865FD4821EE14BFC000F243F /* Build configuration list for PBXNativeTarget "VPN" */;
			buildPhases = (
				865FD4511EE14BFC000F243F /* Sources */,
				865FD4521EE14BFC000F243F /* Frameworks */,
				865FD4531EE14BFC000F243F /* Resources */,
			);
			buildRules = (
			);
			dependencies = (
			);
			name = VPN;
			productName = VPN;
			productReference = 865FD4551EE14BFC000F243F /* VPN.app */;
			productType = "com.apple.product-type.application";
		};
/* End PBXNativeTarget section */

/* Begin PBXProject section */
		865FD44D1EE14BFC000F243F /* Project object */ = {
			isa = PBXProject;
			attributes = {
				LastUpgradeCheck = 0820;
				ORGANIZATIONNAME = "不愿透露姓名的洪先生";
				TargetAttributes = {
					54FD747D20C7CD6F000088D6 = {
						CreatedOnToolsVersion = 9.3.1;
						DevelopmentTeam = YLV4SZ3L4W;
						ProvisioningStyle = Automatic;
					};
					54FD748020C7CD6F000088D6 = {
						CreatedOnToolsVersion = 9.3.1;
						DevelopmentTeam = YLV4SZ3L4W;
						ProvisioningStyle = Automatic;
					};
					865FD4541EE14BFC000F243F = {
						CreatedOnToolsVersion = 8.2.1;
						DevelopmentTeam = YLV4SZ3L4W;
						ProvisioningStyle = Automatic;
						SystemCapabilities = {
							com.apple.NetworkExtensions.iOS = {
								enabled = 1;
							};
							com.apple.VPNLite = {
								enabled = 1;
							};
						};
					};
				};
			};
			buildConfigurationList = 865FD4501EE14BFC000F243F /* Build configuration list for PBXProject "VPN" */;
			compatibilityVersion = "Xcode 3.2";
			developmentRegion = English;
			hasScannedForEncodings = 0;
			knownRegions = (
				en,
				Base,
			);
			mainGroup = 865FD44C1EE14BFC000F243F;
			productRefGroup = 865FD4561EE14BFC000F243F /* Products */;
			projectDirPath = "";
			projectRoot = "";
			targets = (
				865FD4541EE14BFC000F243F /* VPN */,
				54FD747D20C7CD6F000088D6 /* KYIMessageTest2 */,
				54FD748020C7CD6F000088D6 /* KYIMessageTest2 StickerPackExtension */,
			);
		};
/* End PBXProject section */

/* Begin PBXResourcesBuildPhase section */
		54FD747C20C7CD6F000088D6 /* Resources */ = {
			isa = PBXResourcesBuildPhase;
			buildActionMask = 2147483647;
			files = (
				54FD748720C7CD6F000088D6 /* Stickers.xcstickers in Resources */,
			);
			runOnlyForDeploymentPostprocessing = 0;
		};
		54FD747F20C7CD6F000088D6 /* Resources */ = {
			isa = PBXResourcesBuildPhase;
			buildActionMask = 2147483647;
			files = (
				54FD748620C7CD6F000088D6 /* Stickers.xcstickers in Resources */,
			);
			runOnlyForDeploymentPostprocessing = 0;
		};
		865FD4531EE14BFC000F243F /* Resources */ = {
			isa = PBXResourcesBuildPhase;
			buildActionMask = 2147483647;
			files = (
				865FD4681EE14BFC000F243F /* LaunchScreen.storyboard in Resources */,
				865FD4651EE14BFC000F243F /* Assets.xcassets in Resources */,
				865FD4631EE14BFC000F243F /* Main.storyboard in Resources */,
			);
			runOnlyForDeploymentPostprocessing = 0;
		};
/* End PBXResourcesBuildPhase section */

/* Begin PBXSourcesBuildPhase section */
		865FD4511EE14BFC000F243F /* Sources */ = {
			isa = PBXSourcesBuildPhase;
			buildActionMask = 2147483647;
			files = (
				865FD4601EE14BFC000F243F /* ViewController.m in Sources */,
				54F768EF20C64FBA005A48C2 /* KYVPNManager.m in Sources */,
				865FD45D1EE14BFC000F243F /* AppDelegate.m in Sources */,
				54FD744520C78515000088D6 /* KYPingTool.m in Sources */,
				865FD45A1EE14BFC000F243F /* main.m in Sources */,
				54FD744620C78515000088D6 /* SimplePing.m in Sources */,
				54F768EC20C626E9005A48C2 /* KYKeychain.m in Sources */,
			);
			runOnlyForDeploymentPostprocessing = 0;
		};
/* End PBXSourcesBuildPhase section */

/* Begin PBXTargetDependency section */
		54FD748420C7CD6F000088D6 /* PBXTargetDependency */ = {
			isa = PBXTargetDependency;
			target = 54FD748020C7CD6F000088D6 /* KYIMessageTest2 StickerPackExtension */;
			targetProxy = 54FD748320C7CD6F000088D6 /* PBXContainerItemProxy */;
		};
/* End PBXTargetDependency section */

/* Begin PBXVariantGroup section */
		865FD4611EE14BFC000F243F /* Main.storyboard */ = {
			isa = PBXVariantGroup;
			children = (
				865FD4621EE14BFC000F243F /* Base */,
			);
			name = Main.storyboard;
			sourceTree = "<group>";
		};
		865FD4661EE14BFC000F243F /* LaunchScreen.storyboard */ = {
			isa = PBXVariantGroup;
			children = (
				865FD4671EE14BFC000F243F /* Base */,
			);
			name = LaunchScreen.storyboard;
			sourceTree = "<group>";
		};
/* End PBXVariantGroup section */

/* Begin XCBuildConfiguration section */
		54FD748920C7CD6F000088D6 /* Debug */ = {
			isa = XCBuildConfiguration;
			buildSettings = {
				ASSETCATALOG_COMPILER_APPICON_NAME = "iMessage App Icon";
				CLANG_ANALYZER_NUMBER_OBJECT_CONVERSION = YES_AGGRESSIVE;
				CLANG_CXX_LANGUAGE_STANDARD = "gnu++14";
				CLANG_ENABLE_OBJC_WEAK = YES;
				CLANG_WARN_BLOCK_CAPTURE_AUTORELEASING = YES;
				CLANG_WARN_COMMA = YES;
				CLANG_WARN_DEPRECATED_OBJC_IMPLEMENTATIONS = YES;
				CLANG_WARN_NON_LITERAL_NULL_CONVERSION = YES;
				CLANG_WARN_OBJC_IMPLICIT_RETAIN_SELF = YES;
				CLANG_WARN_OBJC_LITERAL_CONVERSION = YES;
				CLANG_WARN_RANGE_LOOP_ANALYSIS = YES;
				CLANG_WARN_STRICT_PROTOTYPES = YES;
				CLANG_WARN_UNGUARDED_AVAILABILITY = YES_AGGRESSIVE;
				CODE_SIGN_IDENTITY = "iPhone Developer";
				CODE_SIGN_STYLE = Automatic;
				DEVELOPMENT_TEAM = YLV4SZ3L4W;
				GCC_C_LANGUAGE_STANDARD = gnu11;
				INFOPLIST_FILE = "KYIMessageTest2 StickerPackExtension/Info.plist";
				IPHONEOS_DEPLOYMENT_TARGET = 11.3;
				PRODUCT_BUNDLE_IDENTIFIER = net.jiuzhang.Test001.KYIMessageTest2.StickerPackExtension;
				PRODUCT_NAME = "$(TARGET_NAME)";
				SKIP_INSTALL = YES;
				TARGETED_DEVICE_FAMILY = "1,2";
			};
			name = Debug;
		};
		54FD748A20C7CD6F000088D6 /* Release */ = {
			isa = XCBuildConfiguration;
			buildSettings = {
				ASSETCATALOG_COMPILER_APPICON_NAME = "iMessage App Icon";
				CLANG_ANALYZER_NUMBER_OBJECT_CONVERSION = YES_AGGRESSIVE;
				CLANG_CXX_LANGUAGE_STANDARD = "gnu++14";
				CLANG_ENABLE_OBJC_WEAK = YES;
				CLANG_WARN_BLOCK_CAPTURE_AUTORELEASING = YES;
				CLANG_WARN_COMMA = YES;
				CLANG_WARN_DEPRECATED_OBJC_IMPLEMENTATIONS = YES;
				CLANG_WARN_NON_LITERAL_NULL_CONVERSION = YES;
				CLANG_WARN_OBJC_IMPLICIT_RETAIN_SELF = YES;
				CLANG_WARN_OBJC_LITERAL_CONVERSION = YES;
				CLANG_WARN_RANGE_LOOP_ANALYSIS = YES;
				CLANG_WARN_STRICT_PROTOTYPES = YES;
				CLANG_WARN_UNGUARDED_AVAILABILITY = YES_AGGRESSIVE;
				CODE_SIGN_IDENTITY = "iPhone Developer";
				CODE_SIGN_STYLE = Automatic;
				DEVELOPMENT_TEAM = YLV4SZ3L4W;
				GCC_C_LANGUAGE_STANDARD = gnu11;
				INFOPLIST_FILE = "KYIMessageTest2 StickerPackExtension/Info.plist";
				IPHONEOS_DEPLOYMENT_TARGET = 11.3;
				PRODUCT_BUNDLE_IDENTIFIER = net.jiuzhang.Test001.KYIMessageTest2.StickerPackExtension;
				PRODUCT_NAME = "$(TARGET_NAME)";
				SKIP_INSTALL = YES;
				TARGETED_DEVICE_FAMILY = "1,2";
			};
			name = Release;
		};
		54FD748D20C7CD6F000088D6 /* Debug */ = {
			isa = XCBuildConfiguration;
			buildSettings = {
				ASSETCATALOG_COMPILER_APPICON_NAME = "iMessage App Icon";
				CLANG_ANALYZER_NUMBER_OBJECT_CONVERSION = YES_AGGRESSIVE;
				CLANG_CXX_LANGUAGE_STANDARD = "gnu++14";
				CLANG_ENABLE_OBJC_WEAK = YES;
				CLANG_WARN_BLOCK_CAPTURE_AUTORELEASING = YES;
				CLANG_WARN_COMMA = YES;
				CLANG_WARN_DEPRECATED_OBJC_IMPLEMENTATIONS = YES;
				CLANG_WARN_NON_LITERAL_NULL_CONVERSION = YES;
				CLANG_WARN_OBJC_IMPLICIT_RETAIN_SELF = YES;
				CLANG_WARN_OBJC_LITERAL_CONVERSION = YES;
				CLANG_WARN_RANGE_LOOP_ANALYSIS = YES;
				CLANG_WARN_STRICT_PROTOTYPES = YES;
				CLANG_WARN_UNGUARDED_AVAILABILITY = YES_AGGRESSIVE;
				CODE_SIGN_IDENTITY = "iPhone Developer";
				CODE_SIGN_STYLE = Automatic;
				DEVELOPMENT_TEAM = YLV4SZ3L4W;
				GCC_C_LANGUAGE_STANDARD = gnu11;
				INFOPLIST_FILE = KYIMessageTest2/Info.plist;
				IPHONEOS_DEPLOYMENT_TARGET = 11.3;
				PRODUCT_BUNDLE_IDENTIFIER = net.jiuzhang.Test001.KYIMessageTest2;
				PRODUCT_NAME = "$(TARGET_NAME)";
				TARGETED_DEVICE_FAMILY = "1,2";
			};
			name = Debug;
		};
		54FD748E20C7CD6F000088D6 /* Release */ = {
			isa = XCBuildConfiguration;
			buildSettings = {
				ASSETCATALOG_COMPILER_APPICON_NAME = "iMessage App Icon";
				CLANG_ANALYZER_NUMBER_OBJECT_CONVERSION = YES_AGGRESSIVE;
				CLANG_CXX_LANGUAGE_STANDARD = "gnu++14";
				CLANG_ENABLE_OBJC_WEAK = YES;
				CLANG_WARN_BLOCK_CAPTURE_AUTORELEASING = YES;
				CLANG_WARN_COMMA = YES;
				CLANG_WARN_DEPRECATED_OBJC_IMPLEMENTATIONS = YES;
				CLANG_WARN_NON_LITERAL_NULL_CONVERSION = YES;
				CLANG_WARN_OBJC_IMPLICIT_RETAIN_SELF = YES;
				CLANG_WARN_OBJC_LITERAL_CONVERSION = YES;
				CLANG_WARN_RANGE_LOOP_ANALYSIS = YES;
				CLANG_WARN_STRICT_PROTOTYPES = YES;
				CLANG_WARN_UNGUARDED_AVAILABILITY = YES_AGGRESSIVE;
				CODE_SIGN_IDENTITY = "iPhone Developer";
				CODE_SIGN_STYLE = Automatic;
				DEVELOPMENT_TEAM = YLV4SZ3L4W;
				GCC_C_LANGUAGE_STANDARD = gnu11;
				INFOPLIST_FILE = KYIMessageTest2/Info.plist;
				IPHONEOS_DEPLOYMENT_TARGET = 11.3;
				PRODUCT_BUNDLE_IDENTIFIER = net.jiuzhang.Test001.KYIMessageTest2;
				PRODUCT_NAME = "$(TARGET_NAME)";
				TARGETED_DEVICE_FAMILY = "1,2";
			};
			name = Release;
		};
		865FD4801EE14BFC000F243F /* Debug */ = {
			isa = XCBuildConfiguration;
			buildSettings = {
				ALWAYS_SEARCH_USER_PATHS = NO;
				CLANG_ANALYZER_NONNULL = YES;
				CLANG_CXX_LANGUAGE_STANDARD = "gnu++0x";
				CLANG_CXX_LIBRARY = "libc++";
				CLANG_ENABLE_MODULES = YES;
				CLANG_ENABLE_OBJC_ARC = YES;
				CLANG_WARN_BOOL_CONVERSION = YES;
				CLANG_WARN_CONSTANT_CONVERSION = YES;
				CLANG_WARN_DIRECT_OBJC_ISA_USAGE = YES_ERROR;
				CLANG_WARN_DOCUMENTATION_COMMENTS = YES;
				CLANG_WARN_EMPTY_BODY = YES;
				CLANG_WARN_ENUM_CONVERSION = YES;
				CLANG_WARN_INFINITE_RECURSION = YES;
				CLANG_WARN_INT_CONVERSION = YES;
				CLANG_WARN_OBJC_ROOT_CLASS = YES_ERROR;
				CLANG_WARN_SUSPICIOUS_MOVE = YES;
				CLANG_WARN_UNREACHABLE_CODE = YES;
				CLANG_WARN__DUPLICATE_METHOD_MATCH = YES;
				"CODE_SIGN_IDENTITY[sdk=iphoneos*]" = "iPhone Developer";
				COPY_PHASE_STRIP = NO;
				DEBUG_INFORMATION_FORMAT = dwarf;
				ENABLE_STRICT_OBJC_MSGSEND = YES;
				ENABLE_TESTABILITY = YES;
				GCC_C_LANGUAGE_STANDARD = gnu99;
				GCC_DYNAMIC_NO_PIC = NO;
				GCC_NO_COMMON_BLOCKS = YES;
				GCC_OPTIMIZATION_LEVEL = 0;
				GCC_PREPROCESSOR_DEFINITIONS = (
					"DEBUG=1",
					"$(inherited)",
				);
				GCC_WARN_64_TO_32_BIT_CONVERSION = YES;
				GCC_WARN_ABOUT_RETURN_TYPE = YES_ERROR;
				GCC_WARN_UNDECLARED_SELECTOR = YES;
				GCC_WARN_UNINITIALIZED_AUTOS = YES_AGGRESSIVE;
				GCC_WARN_UNUSED_FUNCTION = YES;
				GCC_WARN_UNUSED_VARIABLE = YES;
				IPHONEOS_DEPLOYMENT_TARGET = 10.2;
				MTL_ENABLE_DEBUG_INFO = YES;
				ONLY_ACTIVE_ARCH = YES;
				SDKROOT = iphoneos;
			};
			name = Debug;
		};
		865FD4811EE14BFC000F243F /* Release */ = {
			isa = XCBuildConfiguration;
			buildSettings = {
				ALWAYS_SEARCH_USER_PATHS = NO;
				CLANG_ANALYZER_NONNULL = YES;
				CLANG_CXX_LANGUAGE_STANDARD = "gnu++0x";
				CLANG_CXX_LIBRARY = "libc++";
				CLANG_ENABLE_MODULES = YES;
				CLANG_ENABLE_OBJC_ARC = YES;
				CLANG_WARN_BOOL_CONVERSION = YES;
				CLANG_WARN_CONSTANT_CONVERSION = YES;
				CLANG_WARN_DIRECT_OBJC_ISA_USAGE = YES_ERROR;
				CLANG_WARN_DOCUMENTATION_COMMENTS = YES;
				CLANG_WARN_EMPTY_BODY = YES;
				CLANG_WARN_ENUM_CONVERSION = YES;
				CLANG_WARN_INFINITE_RECURSION = YES;
				CLANG_WARN_INT_CONVERSION = YES;
				CLANG_WARN_OBJC_ROOT_CLASS = YES_ERROR;
				CLANG_WARN_SUSPICIOUS_MOVE = YES;
				CLANG_WARN_UNREACHABLE_CODE = YES;
				CLANG_WARN__DUPLICATE_METHOD_MATCH = YES;
				"CODE_SIGN_IDENTITY[sdk=iphoneos*]" = "iPhone Developer";
				COPY_PHASE_STRIP = NO;
				DEBUG_INFORMATION_FORMAT = "dwarf-with-dsym";
				ENABLE_NS_ASSERTIONS = NO;
				ENABLE_STRICT_OBJC_MSGSEND = YES;
				GCC_C_LANGUAGE_STANDARD = gnu99;
				GCC_NO_COMMON_BLOCKS = YES;
				GCC_WARN_64_TO_32_BIT_CONVERSION = YES;
				GCC_WARN_ABOUT_RETURN_TYPE = YES_ERROR;
				GCC_WARN_UNDECLARED_SELECTOR = YES;
				GCC_WARN_UNINITIALIZED_AUTOS = YES_AGGRESSIVE;
				GCC_WARN_UNUSED_FUNCTION = YES;
				GCC_WARN_UNUSED_VARIABLE = YES;
				IPHONEOS_DEPLOYMENT_TARGET = 10.2;
				MTL_ENABLE_DEBUG_INFO = NO;
				SDKROOT = iphoneos;
				VALIDATE_PRODUCT = YES;
			};
			name = Release;
		};
		865FD4831EE14BFC000F243F /* Debug */ = {
			isa = XCBuildConfiguration;
			buildSettings = {
				ASSETCATALOG_COMPILER_APPICON_NAME = AppIcon;
				CODE_SIGN_ENTITLEMENTS = VPN/VPN.entitlements;
				CODE_SIGN_IDENTITY = "iPhone Developer";
				CODE_SIGN_STYLE = Automatic;
				DEVELOPMENT_TEAM = YLV4SZ3L4W;
				INFOPLIST_FILE = VPN/Info.plist;
				IPHONEOS_DEPLOYMENT_TARGET = 8.0;
				LD_RUNPATH_SEARCH_PATHS = "$(inherited) @executable_path/Frameworks";
				PRODUCT_BUNDLE_IDENTIFIER = net.lky20180604;
				PRODUCT_NAME = "$(TARGET_NAME)";
				PROVISIONING_PROFILE = "";
				PROVISIONING_PROFILE_SPECIFIER = "";
			};
			name = Debug;
		};
		865FD4841EE14BFC000F243F /* Release */ = {
			isa = XCBuildConfiguration;
			buildSettings = {
				ASSETCATALOG_COMPILER_APPICON_NAME = AppIcon;
				CODE_SIGN_ENTITLEMENTS = VPN/VPN.entitlements;
				CODE_SIGN_IDENTITY = "iPhone Developer";
				CODE_SIGN_STYLE = Automatic;
				DEVELOPMENT_TEAM = YLV4SZ3L4W;
				INFOPLIST_FILE = VPN/Info.plist;
				IPHONEOS_DEPLOYMENT_TARGET = 8.0;
				LD_RUNPATH_SEARCH_PATHS = "$(inherited) @executable_path/Frameworks";
				PRODUCT_BUNDLE_IDENTIFIER = net.lky20180604;
				PRODUCT_NAME = "$(TARGET_NAME)";
				PROVISIONING_PROFILE = "";
				PROVISIONING_PROFILE_SPECIFIER = "";
			};
			name = Release;
		};
/* End XCBuildConfiguration section */

/* Begin XCConfigurationList section */
		54FD748820C7CD6F000088D6 /* Build configuration list for PBXNativeTarget "KYIMessageTest2 StickerPackExtension" */ = {
			isa = XCConfigurationList;
			buildConfigurations = (
				54FD748920C7CD6F000088D6 /* Debug */,
				54FD748A20C7CD6F000088D6 /* Release */,
			);
			defaultConfigurationIsVisible = 0;
			defaultConfigurationName = Release;
		};
		54FD748C20C7CD6F000088D6 /* Build configuration list for PBXNativeTarget "KYIMessageTest2" */ = {
			isa = XCConfigurationList;
			buildConfigurations = (
				54FD748D20C7CD6F000088D6 /* Debug */,
				54FD748E20C7CD6F000088D6 /* Release */,
			);
			defaultConfigurationIsVisible = 0;
			defaultConfigurationName = Release;
		};
		865FD4501EE14BFC000F243F /* Build configuration list for PBXProject "VPN" */ = {
			isa = XCConfigurationList;
			buildConfigurations = (
				865FD4801EE14BFC000F243F /* Debug */,
				865FD4811EE14BFC000F243F /* Release */,
			);
			defaultConfigurationIsVisible = 0;
			defaultConfigurationName = Release;
		};
		865FD4821EE14BFC000F243F /* Build configuration list for PBXNativeTarget "VPN" */ = {
			isa = XCConfigurationList;
			buildConfigurations = (
				865FD4831EE14BFC000F243F /* Debug */,
				865FD4841EE14BFC000F243F /* Release */,
			);
			defaultConfigurationIsVisible = 0;
			defaultConfigurationName = Release;
		};
/* End XCConfigurationList section */
	};
	rootObject = 865FD44D1EE14BFC000F243F /* Project object */;
}
